{
  "version": 4,
  "terraform_version": "1.2.9",
  "serial": 10,
  "lineage": "e6d204c0-9d81-ad56-8d54-9d530b4410a7",
  "outputs": {
    "amazon_instance": {
      "value": [
        {
          "private_dns": "ip-10-222-0-30.ap-northeast-2.compute.internal",
          "private_ip": "10.222.0.30",
          "public_dns": "ec2-3-38-106-197.ap-northeast-2.compute.amazonaws.com",
          "public_ip": "3.38.106.197"
        },
        {
          "private_dns": "ip-10-222-0-72.ap-northeast-2.compute.internal",
          "private_ip": "10.222.0.72",
          "public_dns": "ec2-3-34-143-48.ap-northeast-2.compute.amazonaws.com",
          "public_ip": "3.34.143.48"
        }
      ],
      "type": [
        "tuple",
        [
          [
            "object",
            {
              "private_dns": "string",
              "private_ip": "string",
              "public_dns": "string",
              "public_ip": "string"
            }
          ],
          [
            "object",
            {
              "private_dns": "string",
              "private_ip": "string",
              "public_dns": "string",
              "public_ip": "string"
            }
          ]
        ]
      ]
    },
    "ubuntu_instance": {
      "value": [
        {
          "private_dns": "ip-10-222-0-69.ap-northeast-2.compute.internal",
          "private_ip": "10.222.0.69",
          "public_dns": "ec2-43-200-6-109.ap-northeast-2.compute.amazonaws.com",
          "public_ip": "43.200.6.109"
        },
        {
          "private_dns": "ip-10-222-0-249.ap-northeast-2.compute.internal",
          "private_ip": "10.222.0.249",
          "public_dns": "ec2-13-125-60-60.ap-northeast-2.compute.amazonaws.com",
          "public_ip": "13.125.60.60"
        }
      ],
      "type": [
        "tuple",
        [
          [
            "object",
            {
              "private_dns": "string",
              "private_ip": "string",
              "public_dns": "string",
              "public_ip": "string"
            }
          ],
          [
            "object",
            {
              "private_dns": "string",
              "private_ip": "string",
              "public_dns": "string",
              "public_ip": "string"
            }
          ]
        ]
      ]
    }
  },
  "resources": [
    {
      "mode": "data",
      "type": "aws_ami",
      "name": "amazon",
      "provider": "provider[\"registry.terraform.io/hashicorp/aws\"]",
      "instances": [
        {
          "schema_version": 0,
          "attributes": {
            "architecture": "x86_64",
            "arn": "arn:aws:ec2:ap-northeast-2::image/ami-0bb19571ca7f4bf31",
            "block_device_mappings": [
              {
                "device_name": "/dev/xvda",
                "ebs": {
                  "delete_on_termination": "true",
                  "encrypted": "false",
                  "iops": "0",
                  "snapshot_id": "snap-0a0f2c505400908de",
                  "throughput": "0",
                  "volume_size": "8",
                  "volume_type": "gp2"
                },
                "no_device": "",
                "virtual_name": ""
              }
            ],
            "creation_date": "2022-09-15T08:47:08.000Z",
            "description": "Amazon Linux 2 AMI 2.0.20220912.1 x86_64 HVM gp2",
            "ena_support": true,
            "executable_users": null,
            "filter": [
              {
                "name": "name",
                "values": [
                  "amzn2-ami-hvm*"
                ]
              },
              {
                "name": "owner-alias",
                "values": [
                  "amazon"
                ]
              }
            ],
            "hypervisor": "xen",
            "id": "ami-0bb19571ca7f4bf31",
            "image_id": "ami-0bb19571ca7f4bf31",
            "image_location": "amazon/amzn2-ami-hvm-2.0.20220912.1-x86_64-gp2",
            "image_owner_alias": "amazon",
            "image_type": "machine",
            "kernel_id": null,
            "most_recent": true,
            "name": "amzn2-ami-hvm-2.0.20220912.1-x86_64-gp2",
            "name_regex": null,
            "owner_id": "137112412989",
            "owners": [
              "amazon"
            ],
            "platform": null,
            "platform_details": "Linux/UNIX",
            "product_codes": [],
            "public": true,
            "ramdisk_id": null,
            "root_device_name": "/dev/xvda",
            "root_device_type": "ebs",
            "root_snapshot_id": "snap-0a0f2c505400908de",
            "sriov_net_support": "simple",
            "state": "available",
            "state_reason": {
              "code": "UNSET",
              "message": "UNSET"
            },
            "tags": {},
            "usage_operation": "RunInstances",
            "virtualization_type": "hvm"
          },
          "sensitive_attributes": []
        }
      ]
    },
    {
      "mode": "data",
      "type": "aws_ami",
      "name": "ubuntu",
      "provider": "provider[\"registry.terraform.io/hashicorp/aws\"]",
      "instances": [
        {
          "schema_version": 0,
          "attributes": {
            "architecture": "x86_64",
            "arn": "arn:aws:ec2:ap-northeast-2::image/ami-0b9954ae1a8f15194",
            "block_device_mappings": [
              {
                "device_name": "/dev/sda1",
                "ebs": {
                  "delete_on_termination": "true",
                  "encrypted": "false",
                  "iops": "0",
                  "snapshot_id": "snap-015056e5a468469e0",
                  "throughput": "0",
                  "volume_size": "8",
                  "volume_type": "gp2"
                },
                "no_device": "",
                "virtual_name": ""
              },
              {
                "device_name": "/dev/sdb",
                "ebs": {},
                "no_device": "",
                "virtual_name": "ephemeral0"
              },
              {
                "device_name": "/dev/sdc",
                "ebs": {},
                "no_device": "",
                "virtual_name": "ephemeral1"
              }
            ],
            "creation_date": "2022-09-24T23:47:48.000Z",
            "description": "Canonical, Ubuntu, 20.04 LTS, amd64 focal image build on 2022-09-24",
            "ena_support": true,
            "executable_users": null,
            "filter": [
              {
                "name": "name",
                "values": [
                  "ubuntu/images/hvm-ssd/ubuntu-focal-20.04-amd64-server-*"
                ]
              },
              {
                "name": "virtualization-type",
                "values": [
                  "hvm"
                ]
              }
            ],
            "hypervisor": "xen",
            "id": "ami-0b9954ae1a8f15194",
            "image_id": "ami-0b9954ae1a8f15194",
            "image_location": "amazon/ubuntu/images/hvm-ssd/ubuntu-focal-20.04-amd64-server-20220924",
            "image_owner_alias": "amazon",
            "image_type": "machine",
            "kernel_id": null,
            "most_recent": true,
            "name": "ubuntu/images/hvm-ssd/ubuntu-focal-20.04-amd64-server-20220924",
            "name_regex": null,
            "owner_id": "099720109477",
            "owners": [
              "099720109477"
            ],
            "platform": null,
            "platform_details": "Linux/UNIX",
            "product_codes": [],
            "public": true,
            "ramdisk_id": null,
            "root_device_name": "/dev/sda1",
            "root_device_type": "ebs",
            "root_snapshot_id": "snap-015056e5a468469e0",
            "sriov_net_support": "simple",
            "state": "available",
            "state_reason": {
              "code": "UNSET",
              "message": "UNSET"
            },
            "tags": {},
            "usage_operation": "RunInstances",
            "virtualization_type": "hvm"
          },
          "sensitive_attributes": []
        }
      ]
    },
    {
      "mode": "data",
      "type": "terraform_remote_state",
      "name": "this",
      "provider": "provider[\"terraform.io/builtin/terraform\"]",
      "instances": [
        {
          "index_key": "network",
          "schema_version": 0,
          "attributes": {
            "backend": "remote",
            "config": {
              "value": {
                "organization": "Test_Cloud_Devdubu",
                "workspaces": {
                  "name": "terraform-lab-network"
                }
              },
              "type": [
                "object",
                {
                  "organization": "string",
                  "workspaces": [
                    "object",
                    {
                      "name": "string"
                    }
                  ]
                }
              ]
            },
            "defaults": null,
            "outputs": {
              "value": {
                "subnet_groups": {
                  "private": {
                    "arns": [
                      "arn:aws:ec2:ap-northeast-2:599801461124:subnet/subnet-03576f9a6891d10e6",
                      "arn:aws:ec2:ap-northeast-2:599801461124:subnet/subnet-06ab5f0662d14cf9f"
                    ],
                    "availability_zone_ids": [
                      "apne2-az1",
                      "apne2-az2"
                    ],
                    "availability_zones": [
                      "ap-northeast-2a",
                      "ap-northeast-2b"
                    ],
                    "cache_subnet_group_id": null,
                    "cidr_blocks": [
                      "10.222.2.0/24",
                      "10.222.3.0/24"
                    ],
                    "dax_subnet_group_id": null,
                    "db_subnet_group_arn": null,
                    "db_subnet_group_id": null,
                    "dms_replication_subnet_group_id": null,
                    "docdb_subnet_group_arn": null,
                    "docdb_subnet_group_id": null,
                    "ids": [
                      "subnet-03576f9a6891d10e6",
                      "subnet-06ab5f0662d14cf9f"
                    ],
                    "ipv6_cidr_blocks": [],
                    "name": "apne2-fastcampus-private",
                    "neptune_subnet_group_arn": null,
                    "neptune_subnet_group_id": null,
                    "redshift_subnet_group_arn": null,
                    "redshift_subnet_group_id": null,
                    "subnets": [
                      {
                        "arn": "arn:aws:ec2:ap-northeast-2:599801461124:subnet/subnet-03576f9a6891d10e6",
                        "assign_ipv6_address_on_creation": false,
                        "availability_zone": "ap-northeast-2a",
                        "availability_zone_id": "apne2-az1",
                        "cidr_block": "10.222.2.0/24",
                        "customer_owned_ipv4_pool": "",
                        "enable_dns64": false,
                        "enable_resource_name_dns_a_record_on_launch": false,
                        "enable_resource_name_dns_aaaa_record_on_launch": false,
                        "id": "subnet-03576f9a6891d10e6",
                        "ipv6_cidr_block": "",
                        "ipv6_cidr_block_association_id": "",
                        "ipv6_native": false,
                        "map_customer_owned_ip_on_launch": false,
                        "map_public_ip_on_launch": false,
                        "outpost_arn": "",
                        "owner_id": "599801461124",
                        "private_dns_hostname_type_on_launch": "ip-name",
                        "tags": {
                          "Name": "apne2-fastcampus-private-001/az1",
                          "Owner": "posquit0",
                          "Project": "Network",
                          "module.terraform.io/full-name": "terraform-aws-network/subnet-group",
                          "module.terraform.io/instance": "apne2-fastcampus-private",
                          "module.terraform.io/name": "subnet-group",
                          "module.terraform.io/package": "terraform-aws-network",
                          "module.terraform.io/version": "0.24.0"
                        },
                        "tags_all": {
                          "Name": "apne2-fastcampus-private-001/az1",
                          "Owner": "posquit0",
                          "Project": "Network",
                          "module.terraform.io/full-name": "terraform-aws-network/subnet-group",
                          "module.terraform.io/instance": "apne2-fastcampus-private",
                          "module.terraform.io/name": "subnet-group",
                          "module.terraform.io/package": "terraform-aws-network",
                          "module.terraform.io/version": "0.24.0"
                        },
                        "timeouts": null,
                        "vpc_id": "vpc-04b8bdc86a44a5889"
                      },
                      {
                        "arn": "arn:aws:ec2:ap-northeast-2:599801461124:subnet/subnet-06ab5f0662d14cf9f",
                        "assign_ipv6_address_on_creation": false,
                        "availability_zone": "ap-northeast-2b",
                        "availability_zone_id": "apne2-az2",
                        "cidr_block": "10.222.3.0/24",
                        "customer_owned_ipv4_pool": "",
                        "enable_dns64": false,
                        "enable_resource_name_dns_a_record_on_launch": false,
                        "enable_resource_name_dns_aaaa_record_on_launch": false,
                        "id": "subnet-06ab5f0662d14cf9f",
                        "ipv6_cidr_block": "",
                        "ipv6_cidr_block_association_id": "",
                        "ipv6_native": false,
                        "map_customer_owned_ip_on_launch": false,
                        "map_public_ip_on_launch": false,
                        "outpost_arn": "",
                        "owner_id": "599801461124",
                        "private_dns_hostname_type_on_launch": "ip-name",
                        "tags": {
                          "Name": "apne2-fastcampus-private-002/az2",
                          "Owner": "posquit0",
                          "Project": "Network",
                          "module.terraform.io/full-name": "terraform-aws-network/subnet-group",
                          "module.terraform.io/instance": "apne2-fastcampus-private",
                          "module.terraform.io/name": "subnet-group",
                          "module.terraform.io/package": "terraform-aws-network",
                          "module.terraform.io/version": "0.24.0"
                        },
                        "tags_all": {
                          "Name": "apne2-fastcampus-private-002/az2",
                          "Owner": "posquit0",
                          "Project": "Network",
                          "module.terraform.io/full-name": "terraform-aws-network/subnet-group",
                          "module.terraform.io/instance": "apne2-fastcampus-private",
                          "module.terraform.io/name": "subnet-group",
                          "module.terraform.io/package": "terraform-aws-network",
                          "module.terraform.io/version": "0.24.0"
                        },
                        "timeouts": null,
                        "vpc_id": "vpc-04b8bdc86a44a5889"
                      }
                    ],
                    "vpc_id": "vpc-04b8bdc86a44a5889"
                  },
                  "public": {
                    "arns": [
                      "arn:aws:ec2:ap-northeast-2:599801461124:subnet/subnet-09be1e05f783431f9",
                      "arn:aws:ec2:ap-northeast-2:599801461124:subnet/subnet-051c0544b5a1e3880"
                    ],
                    "availability_zone_ids": [
                      "apne2-az1",
                      "apne2-az2"
                    ],
                    "availability_zones": [
                      "ap-northeast-2a",
                      "ap-northeast-2b"
                    ],
                    "cache_subnet_group_id": null,
                    "cidr_blocks": [
                      "10.222.0.0/24",
                      "10.222.1.0/24"
                    ],
                    "dax_subnet_group_id": null,
                    "db_subnet_group_arn": null,
                    "db_subnet_group_id": null,
                    "dms_replication_subnet_group_id": null,
                    "docdb_subnet_group_arn": null,
                    "docdb_subnet_group_id": null,
                    "ids": [
                      "subnet-09be1e05f783431f9",
                      "subnet-051c0544b5a1e3880"
                    ],
                    "ipv6_cidr_blocks": [],
                    "name": "apne2-fastcampus-public",
                    "neptune_subnet_group_arn": null,
                    "neptune_subnet_group_id": null,
                    "redshift_subnet_group_arn": null,
                    "redshift_subnet_group_id": null,
                    "subnets": [
                      {
                        "arn": "arn:aws:ec2:ap-northeast-2:599801461124:subnet/subnet-09be1e05f783431f9",
                        "assign_ipv6_address_on_creation": false,
                        "availability_zone": "ap-northeast-2a",
                        "availability_zone_id": "apne2-az1",
                        "cidr_block": "10.222.0.0/24",
                        "customer_owned_ipv4_pool": "",
                        "enable_dns64": false,
                        "enable_resource_name_dns_a_record_on_launch": false,
                        "enable_resource_name_dns_aaaa_record_on_launch": false,
                        "id": "subnet-09be1e05f783431f9",
                        "ipv6_cidr_block": "",
                        "ipv6_cidr_block_association_id": "",
                        "ipv6_native": false,
                        "map_customer_owned_ip_on_launch": false,
                        "map_public_ip_on_launch": true,
                        "outpost_arn": "",
                        "owner_id": "599801461124",
                        "private_dns_hostname_type_on_launch": "ip-name",
                        "tags": {
                          "Name": "apne2-fastcampus-public-001/az1",
                          "Owner": "posquit0",
                          "Project": "Network",
                          "module.terraform.io/full-name": "terraform-aws-network/subnet-group",
                          "module.terraform.io/instance": "apne2-fastcampus-public",
                          "module.terraform.io/name": "subnet-group",
                          "module.terraform.io/package": "terraform-aws-network",
                          "module.terraform.io/version": "0.24.0"
                        },
                        "tags_all": {
                          "Name": "apne2-fastcampus-public-001/az1",
                          "Owner": "posquit0",
                          "Project": "Network",
                          "module.terraform.io/full-name": "terraform-aws-network/subnet-group",
                          "module.terraform.io/instance": "apne2-fastcampus-public",
                          "module.terraform.io/name": "subnet-group",
                          "module.terraform.io/package": "terraform-aws-network",
                          "module.terraform.io/version": "0.24.0"
                        },
                        "timeouts": null,
                        "vpc_id": "vpc-04b8bdc86a44a5889"
                      },
                      {
                        "arn": "arn:aws:ec2:ap-northeast-2:599801461124:subnet/subnet-051c0544b5a1e3880",
                        "assign_ipv6_address_on_creation": false,
                        "availability_zone": "ap-northeast-2b",
                        "availability_zone_id": "apne2-az2",
                        "cidr_block": "10.222.1.0/24",
                        "customer_owned_ipv4_pool": "",
                        "enable_dns64": false,
                        "enable_resource_name_dns_a_record_on_launch": false,
                        "enable_resource_name_dns_aaaa_record_on_launch": false,
                        "id": "subnet-051c0544b5a1e3880",
                        "ipv6_cidr_block": "",
                        "ipv6_cidr_block_association_id": "",
                        "ipv6_native": false,
                        "map_customer_owned_ip_on_launch": false,
                        "map_public_ip_on_launch": true,
                        "outpost_arn": "",
                        "owner_id": "599801461124",
                        "private_dns_hostname_type_on_launch": "ip-name",
                        "tags": {
                          "Name": "apne2-fastcampus-public-002/az2",
                          "Owner": "posquit0",
                          "Project": "Network",
                          "module.terraform.io/full-name": "terraform-aws-network/subnet-group",
                          "module.terraform.io/instance": "apne2-fastcampus-public",
                          "module.terraform.io/name": "subnet-group",
                          "module.terraform.io/package": "terraform-aws-network",
                          "module.terraform.io/version": "0.24.0"
                        },
                        "tags_all": {
                          "Name": "apne2-fastcampus-public-002/az2",
                          "Owner": "posquit0",
                          "Project": "Network",
                          "module.terraform.io/full-name": "terraform-aws-network/subnet-group",
                          "module.terraform.io/instance": "apne2-fastcampus-public",
                          "module.terraform.io/name": "subnet-group",
                          "module.terraform.io/package": "terraform-aws-network",
                          "module.terraform.io/version": "0.24.0"
                        },
                        "timeouts": null,
                        "vpc_id": "vpc-04b8bdc86a44a5889"
                      }
                    ],
                    "vpc_id": "vpc-04b8bdc86a44a5889"
                  }
                },
                "vpc": {
                  "arn": "arn:aws:ec2:ap-northeast-2:599801461124:vpc/vpc-04b8bdc86a44a5889",
                  "cidr_block": "10.222.0.0/16",
                  "default_network_acl_id": "acl-0792dbda6838d0d25",
                  "default_route_table_id": "rtb-013ee70c39e61bd71",
                  "default_security_group_id": "sg-0f5f3c4f43f83c2a4",
                  "dhcp_options_arn": null,
                  "dhcp_options_enabled": false,
                  "dhcp_options_id": null,
                  "dns_dnssec_validation_enabled": false,
                  "dns_dnssec_validation_id": null,
                  "dns_hostnames_enabled": true,
                  "dns_support_enabled": true,
                  "egress_only_internet_gateway_enabled": false,
                  "egress_only_internet_gateway_id": null,
                  "id": "vpc-04b8bdc86a44a5889",
                  "instance_tenancy": "default",
                  "internet_gateway_arn": "arn:aws:ec2:ap-northeast-2:599801461124:internet-gateway/igw-07aed220fafb7d7ef",
                  "internet_gateway_enabled": true,
                  "internet_gateway_id": "igw-07aed220fafb7d7ef",
                  "ipv6_association_id": "",
                  "ipv6_cidr_block": "",
                  "main_route_table_id": "rtb-013ee70c39e61bd71",
                  "name": "apne2-fastcampus",
                  "private_hosted_zones": [],
                  "secondary_cidr_blocks": [],
                  "vpn_gateway_arn": null,
                  "vpn_gateway_asn": null,
                  "vpn_gateway_enabled": false,
                  "vpn_gateway_id": null
                }
              },
              "type": [
                "object",
                {
                  "subnet_groups": [
                    "object",
                    {
                      "private": [
                        "object",
                        {
                          "arns": [
                            "tuple",
                            [
                              "string",
                              "string"
                            ]
                          ],
                          "availability_zone_ids": [
                            "list",
                            "string"
                          ],
                          "availability_zones": [
                            "list",
                            "string"
                          ],
                          "cache_subnet_group_id": "dynamic",
                          "cidr_blocks": [
                            "tuple",
                            [
                              "string",
                              "string"
                            ]
                          ],
                          "dax_subnet_group_id": "dynamic",
                          "db_subnet_group_arn": "dynamic",
                          "db_subnet_group_id": "dynamic",
                          "dms_replication_subnet_group_id": "dynamic",
                          "docdb_subnet_group_arn": "dynamic",
                          "docdb_subnet_group_id": "dynamic",
                          "ids": [
                            "tuple",
                            [
                              "string",
                              "string"
                            ]
                          ],
                          "ipv6_cidr_blocks": [
                            "list",
                            "string"
                          ],
                          "name": "string",
                          "neptune_subnet_group_arn": "dynamic",
                          "neptune_subnet_group_id": "dynamic",
                          "redshift_subnet_group_arn": "dynamic",
                          "redshift_subnet_group_id": "dynamic",
                          "subnets": [
                            "tuple",
                            [
                              [
                                "object",
                                {
                                  "arn": "string",
                                  "assign_ipv6_address_on_creation": "bool",
                                  "availability_zone": "string",
                                  "availability_zone_id": "string",
                                  "cidr_block": "string",
                                  "customer_owned_ipv4_pool": "string",
                                  "enable_dns64": "bool",
                                  "enable_resource_name_dns_a_record_on_launch": "bool",
                                  "enable_resource_name_dns_aaaa_record_on_launch": "bool",
                                  "id": "string",
                                  "ipv6_cidr_block": "string",
                                  "ipv6_cidr_block_association_id": "string",
                                  "ipv6_native": "bool",
                                  "map_customer_owned_ip_on_launch": "bool",
                                  "map_public_ip_on_launch": "bool",
                                  "outpost_arn": "string",
                                  "owner_id": "string",
                                  "private_dns_hostname_type_on_launch": "string",
                                  "tags": [
                                    "map",
                                    "string"
                                  ],
                                  "tags_all": [
                                    "map",
                                    "string"
                                  ],
                                  "timeouts": [
                                    "object",
                                    {
                                      "create": "string",
                                      "delete": "string"
                                    }
                                  ],
                                  "vpc_id": "string"
                                }
                              ],
                              [
                                "object",
                                {
                                  "arn": "string",
                                  "assign_ipv6_address_on_creation": "bool",
                                  "availability_zone": "string",
                                  "availability_zone_id": "string",
                                  "cidr_block": "string",
                                  "customer_owned_ipv4_pool": "string",
                                  "enable_dns64": "bool",
                                  "enable_resource_name_dns_a_record_on_launch": "bool",
                                  "enable_resource_name_dns_aaaa_record_on_launch": "bool",
                                  "id": "string",
                                  "ipv6_cidr_block": "string",
                                  "ipv6_cidr_block_association_id": "string",
                                  "ipv6_native": "bool",
                                  "map_customer_owned_ip_on_launch": "bool",
                                  "map_public_ip_on_launch": "bool",
                                  "outpost_arn": "string",
                                  "owner_id": "string",
                                  "private_dns_hostname_type_on_launch": "string",
                                  "tags": [
                                    "map",
                                    "string"
                                  ],
                                  "tags_all": [
                                    "map",
                                    "string"
                                  ],
                                  "timeouts": [
                                    "object",
                                    {
                                      "create": "string",
                                      "delete": "string"
                                    }
                                  ],
                                  "vpc_id": "string"
                                }
                              ]
                            ]
                          ],
                          "vpc_id": "string"
                        }
                      ],
                      "public": [
                        "object",
                        {
                          "arns": [
                            "tuple",
                            [
                              "string",
                              "string"
                            ]
                          ],
                          "availability_zone_ids": [
                            "list",
                            "string"
                          ],
                          "availability_zones": [
                            "list",
                            "string"
                          ],
                          "cache_subnet_group_id": "dynamic",
                          "cidr_blocks": [
                            "tuple",
                            [
                              "string",
                              "string"
                            ]
                          ],
                          "dax_subnet_group_id": "dynamic",
                          "db_subnet_group_arn": "dynamic",
                          "db_subnet_group_id": "dynamic",
                          "dms_replication_subnet_group_id": "dynamic",
                          "docdb_subnet_group_arn": "dynamic",
                          "docdb_subnet_group_id": "dynamic",
                          "ids": [
                            "tuple",
                            [
                              "string",
                              "string"
                            ]
                          ],
                          "ipv6_cidr_blocks": [
                            "list",
                            "string"
                          ],
                          "name": "string",
                          "neptune_subnet_group_arn": "dynamic",
                          "neptune_subnet_group_id": "dynamic",
                          "redshift_subnet_group_arn": "dynamic",
                          "redshift_subnet_group_id": "dynamic",
                          "subnets": [
                            "tuple",
                            [
                              [
                                "object",
                                {
                                  "arn": "string",
                                  "assign_ipv6_address_on_creation": "bool",
                                  "availability_zone": "string",
                                  "availability_zone_id": "string",
                                  "cidr_block": "string",
                                  "customer_owned_ipv4_pool": "string",
                                  "enable_dns64": "bool",
                                  "enable_resource_name_dns_a_record_on_launch": "bool",
                                  "enable_resource_name_dns_aaaa_record_on_launch": "bool",
                                  "id": "string",
                                  "ipv6_cidr_block": "string",
                                  "ipv6_cidr_block_association_id": "string",
                                  "ipv6_native": "bool",
                                  "map_customer_owned_ip_on_launch": "bool",
                                  "map_public_ip_on_launch": "bool",
                                  "outpost_arn": "string",
                                  "owner_id": "string",
                                  "private_dns_hostname_type_on_launch": "string",
                                  "tags": [
                                    "map",
                                    "string"
                                  ],
                                  "tags_all": [
                                    "map",
                                    "string"
                                  ],
                                  "timeouts": [
                                    "object",
                                    {
                                      "create": "string",
                                      "delete": "string"
                                    }
                                  ],
                                  "vpc_id": "string"
                                }
                              ],
                              [
                                "object",
                                {
                                  "arn": "string",
                                  "assign_ipv6_address_on_creation": "bool",
                                  "availability_zone": "string",
                                  "availability_zone_id": "string",
                                  "cidr_block": "string",
                                  "customer_owned_ipv4_pool": "string",
                                  "enable_dns64": "bool",
                                  "enable_resource_name_dns_a_record_on_launch": "bool",
                                  "enable_resource_name_dns_aaaa_record_on_launch": "bool",
                                  "id": "string",
                                  "ipv6_cidr_block": "string",
                                  "ipv6_cidr_block_association_id": "string",
                                  "ipv6_native": "bool",
                                  "map_customer_owned_ip_on_launch": "bool",
                                  "map_public_ip_on_launch": "bool",
                                  "outpost_arn": "string",
                                  "owner_id": "string",
                                  "private_dns_hostname_type_on_launch": "string",
                                  "tags": [
                                    "map",
                                    "string"
                                  ],
                                  "tags_all": [
                                    "map",
                                    "string"
                                  ],
                                  "timeouts": [
                                    "object",
                                    {
                                      "create": "string",
                                      "delete": "string"
                                    }
                                  ],
                                  "vpc_id": "string"
                                }
                              ]
                            ]
                          ],
                          "vpc_id": "string"
                        }
                      ]
                    }
                  ],
                  "vpc": [
                    "object",
                    {
                      "arn": "string",
                      "cidr_block": "string",
                      "default_network_acl_id": "string",
                      "default_route_table_id": "string",
                      "default_security_group_id": "string",
                      "dhcp_options_arn": "dynamic",
                      "dhcp_options_enabled": "bool",
                      "dhcp_options_id": "dynamic",
                      "dns_dnssec_validation_enabled": "bool",
                      "dns_dnssec_validation_id": "dynamic",
                      "dns_hostnames_enabled": "bool",
                      "dns_support_enabled": "bool",
                      "egress_only_internet_gateway_enabled": "bool",
                      "egress_only_internet_gateway_id": "dynamic",
                      "id": "string",
                      "instance_tenancy": "string",
                      "internet_gateway_arn": "string",
                      "internet_gateway_enabled": "bool",
                      "internet_gateway_id": "string",
                      "ipv6_association_id": "string",
                      "ipv6_cidr_block": "string",
                      "main_route_table_id": "string",
                      "name": "string",
                      "private_hosted_zones": [
                        "tuple",
                        []
                      ],
                      "secondary_cidr_blocks": [
                        "list",
                        "string"
                      ],
                      "vpn_gateway_arn": "dynamic",
                      "vpn_gateway_asn": "dynamic",
                      "vpn_gateway_enabled": "bool",
                      "vpn_gateway_id": "dynamic"
                    }
                  ]
                }
              ]
            },
            "workspace": null
          },
          "sensitive_attributes": []
        }
      ]
    },
    {
      "mode": "managed",
      "type": "aws_instance",
      "name": "amazon",
      "provider": "provider[\"registry.terraform.io/hashicorp/aws\"]",
      "instances": [
        {
          "index_key": 0,
          "schema_version": 1,
          "attributes": {
            "ami": "ami-0bb19571ca7f4bf31",
            "arn": "arn:aws:ec2:ap-northeast-2:599801461124:instance/i-0b40b34a260ce9280",
            "associate_public_ip_address": true,
            "availability_zone": "ap-northeast-2a",
            "capacity_reservation_specification": [
              {
                "capacity_reservation_preference": "open",
                "capacity_reservation_target": []
              }
            ],
            "cpu_core_count": 1,
            "cpu_threads_per_core": 1,
            "credit_specification": [
              {
                "cpu_credits": "standard"
              }
            ],
            "disable_api_termination": false,
            "ebs_block_device": [],
            "ebs_optimized": false,
            "enclave_options": [
              {
                "enabled": false
              }
            ],
            "ephemeral_block_device": [],
            "get_password_data": false,
            "hibernation": false,
            "host_id": null,
            "iam_instance_profile": "",
            "id": "i-0b40b34a260ce9280",
            "instance_initiated_shutdown_behavior": "stop",
            "instance_state": "running",
            "instance_type": "t2.micro",
            "ipv6_address_count": 0,
            "ipv6_addresses": [],
            "key_name": "JmServer",
            "launch_template": [],
            "metadata_options": [
              {
                "http_endpoint": "enabled",
                "http_put_response_hop_limit": 1,
                "http_tokens": "optional",
                "instance_metadata_tags": "disabled"
              }
            ],
            "monitoring": false,
            "network_interface": [],
            "outpost_arn": "",
            "password_data": "",
            "placement_group": "",
            "placement_partition_number": null,
            "primary_network_interface_id": "eni-0c2e5ce2b923e420b",
            "private_dns": "ip-10-222-0-30.ap-northeast-2.compute.internal",
            "private_ip": "10.222.0.30",
            "public_dns": "ec2-3-38-106-197.ap-northeast-2.compute.amazonaws.com",
            "public_ip": "3.38.106.197",
            "root_block_device": [
              {
                "delete_on_termination": true,
                "device_name": "/dev/xvda",
                "encrypted": false,
                "iops": 100,
                "kms_key_id": "",
                "tags": {},
                "throughput": 0,
                "volume_id": "vol-06b7149f7bd51ed4f",
                "volume_size": 8,
                "volume_type": "gp2"
              }
            ],
            "secondary_private_ips": [],
            "security_groups": [],
            "source_dest_check": true,
            "subnet_id": "subnet-09be1e05f783431f9",
            "tags": {
              "Name": "apne2-fastcampus-amazon-linux-2",
              "Project": "fastcampus-ansible"
            },
            "tags_all": {
              "Name": "apne2-fastcampus-amazon-linux-2",
              "Project": "fastcampus-ansible"
            },
            "tenancy": "default",
            "timeouts": null,
            "user_data": null,
            "user_data_base64": null,
            "volume_tags": null,
            "vpc_security_group_ids": [
              "sg-0a1251112261f339f"
            ]
          },
          "sensitive_attributes": [],
          "private": "eyJlMmJmYjczMC1lY2FhLTExZTYtOGY4OC0zNDM2M2JjN2M0YzAiOnsiY3JlYXRlIjo2MDAwMDAwMDAwMDAsImRlbGV0ZSI6MTIwMDAwMDAwMDAwMCwidXBkYXRlIjo2MDAwMDAwMDAwMDB9LCJzY2hlbWFfdmVyc2lvbiI6IjEifQ==",
          "dependencies": [
            "data.aws_ami.amazon",
            "data.terraform_remote_state.this",
            "module.sg__ssh.aws_security_group.this"
          ]
        },
        {
          "index_key": 1,
          "schema_version": 1,
          "attributes": {
            "ami": "ami-0bb19571ca7f4bf31",
            "arn": "arn:aws:ec2:ap-northeast-2:599801461124:instance/i-05110db66f51f47f1",
            "associate_public_ip_address": true,
            "availability_zone": "ap-northeast-2a",
            "capacity_reservation_specification": [
              {
                "capacity_reservation_preference": "open",
                "capacity_reservation_target": []
              }
            ],
            "cpu_core_count": 1,
            "cpu_threads_per_core": 1,
            "credit_specification": [
              {
                "cpu_credits": "standard"
              }
            ],
            "disable_api_termination": false,
            "ebs_block_device": [],
            "ebs_optimized": false,
            "enclave_options": [
              {
                "enabled": false
              }
            ],
            "ephemeral_block_device": [],
            "get_password_data": false,
            "hibernation": false,
            "host_id": null,
            "iam_instance_profile": "",
            "id": "i-05110db66f51f47f1",
            "instance_initiated_shutdown_behavior": "stop",
            "instance_state": "running",
            "instance_type": "t2.micro",
            "ipv6_address_count": 0,
            "ipv6_addresses": [],
            "key_name": "JmServer",
            "launch_template": [],
            "metadata_options": [
              {
                "http_endpoint": "enabled",
                "http_put_response_hop_limit": 1,
                "http_tokens": "optional",
                "instance_metadata_tags": "disabled"
              }
            ],
            "monitoring": false,
            "network_interface": [],
            "outpost_arn": "",
            "password_data": "",
            "placement_group": "",
            "placement_partition_number": null,
            "primary_network_interface_id": "eni-03381fb83f8789e30",
            "private_dns": "ip-10-222-0-72.ap-northeast-2.compute.internal",
            "private_ip": "10.222.0.72",
            "public_dns": "ec2-3-34-143-48.ap-northeast-2.compute.amazonaws.com",
            "public_ip": "3.34.143.48",
            "root_block_device": [
              {
                "delete_on_termination": true,
                "device_name": "/dev/xvda",
                "encrypted": false,
                "iops": 100,
                "kms_key_id": "",
                "tags": {},
                "throughput": 0,
                "volume_id": "vol-06175fca89de60392",
                "volume_size": 8,
                "volume_type": "gp2"
              }
            ],
            "secondary_private_ips": [],
            "security_groups": [],
            "source_dest_check": true,
            "subnet_id": "subnet-09be1e05f783431f9",
            "tags": {
              "Name": "apne2-fastcampus-amazon-linux-2",
              "Project": "fastcampus-ansible"
            },
            "tags_all": {
              "Name": "apne2-fastcampus-amazon-linux-2",
              "Project": "fastcampus-ansible"
            },
            "tenancy": "default",
            "timeouts": null,
            "user_data": null,
            "user_data_base64": null,
            "volume_tags": null,
            "vpc_security_group_ids": [
              "sg-0a1251112261f339f"
            ]
          },
          "sensitive_attributes": [],
          "private": "eyJlMmJmYjczMC1lY2FhLTExZTYtOGY4OC0zNDM2M2JjN2M0YzAiOnsiY3JlYXRlIjo2MDAwMDAwMDAwMDAsImRlbGV0ZSI6MTIwMDAwMDAwMDAwMCwidXBkYXRlIjo2MDAwMDAwMDAwMDB9LCJzY2hlbWFfdmVyc2lvbiI6IjEifQ==",
          "dependencies": [
            "data.aws_ami.amazon",
            "data.terraform_remote_state.this",
            "module.sg__ssh.aws_security_group.this"
          ]
        }
      ]
    },
    {
      "mode": "managed",
      "type": "aws_instance",
      "name": "ubuntu",
      "provider": "provider[\"registry.terraform.io/hashicorp/aws\"]",
      "instances": [
        {
          "index_key": 0,
          "schema_version": 1,
          "attributes": {
            "ami": "ami-0b9954ae1a8f15194",
            "arn": "arn:aws:ec2:ap-northeast-2:599801461124:instance/i-04562ef889c9d42a7",
            "associate_public_ip_address": true,
            "availability_zone": "ap-northeast-2a",
            "capacity_reservation_specification": [
              {
                "capacity_reservation_preference": "open",
                "capacity_reservation_target": []
              }
            ],
            "cpu_core_count": 1,
            "cpu_threads_per_core": 1,
            "credit_specification": [
              {
                "cpu_credits": "standard"
              }
            ],
            "disable_api_termination": false,
            "ebs_block_device": [],
            "ebs_optimized": false,
            "enclave_options": [
              {
                "enabled": false
              }
            ],
            "ephemeral_block_device": [],
            "get_password_data": false,
            "hibernation": false,
            "host_id": null,
            "iam_instance_profile": "",
            "id": "i-04562ef889c9d42a7",
            "instance_initiated_shutdown_behavior": "stop",
            "instance_state": "running",
            "instance_type": "t2.micro",
            "ipv6_address_count": 0,
            "ipv6_addresses": [],
            "key_name": "JmServer",
            "launch_template": [],
            "metadata_options": [
              {
                "http_endpoint": "enabled",
                "http_put_response_hop_limit": 1,
                "http_tokens": "optional",
                "instance_metadata_tags": "disabled"
              }
            ],
            "monitoring": false,
            "network_interface": [],
            "outpost_arn": "",
            "password_data": "",
            "placement_group": "",
            "placement_partition_number": null,
            "primary_network_interface_id": "eni-020c1da17e6c2888e",
            "private_dns": "ip-10-222-0-69.ap-northeast-2.compute.internal",
            "private_ip": "10.222.0.69",
            "public_dns": "ec2-43-200-6-109.ap-northeast-2.compute.amazonaws.com",
            "public_ip": "43.200.6.109",
            "root_block_device": [
              {
                "delete_on_termination": true,
                "device_name": "/dev/sda1",
                "encrypted": false,
                "iops": 100,
                "kms_key_id": "",
                "tags": {},
                "throughput": 0,
                "volume_id": "vol-02b4e8fbd52f343e4",
                "volume_size": 8,
                "volume_type": "gp2"
              }
            ],
            "secondary_private_ips": [],
            "security_groups": [],
            "source_dest_check": true,
            "subnet_id": "subnet-09be1e05f783431f9",
            "tags": {
              "Name": "apne2-fastcampus-ubuntu",
              "Project": "fastcampus-ansible"
            },
            "tags_all": {
              "Name": "apne2-fastcampus-ubuntu",
              "Project": "fastcampus-ansible"
            },
            "tenancy": "default",
            "timeouts": null,
            "user_data": null,
            "user_data_base64": null,
            "volume_tags": null,
            "vpc_security_group_ids": [
              "sg-0a1251112261f339f"
            ]
          },
          "sensitive_attributes": [],
          "private": "eyJlMmJmYjczMC1lY2FhLTExZTYtOGY4OC0zNDM2M2JjN2M0YzAiOnsiY3JlYXRlIjo2MDAwMDAwMDAwMDAsImRlbGV0ZSI6MTIwMDAwMDAwMDAwMCwidXBkYXRlIjo2MDAwMDAwMDAwMDB9LCJzY2hlbWFfdmVyc2lvbiI6IjEifQ==",
          "dependencies": [
            "data.aws_ami.ubuntu",
            "data.terraform_remote_state.this",
            "module.sg__ssh.aws_security_group.this"
          ]
        },
        {
          "index_key": 1,
          "schema_version": 1,
          "attributes": {
            "ami": "ami-0b9954ae1a8f15194",
            "arn": "arn:aws:ec2:ap-northeast-2:599801461124:instance/i-06a51621571268bb7",
            "associate_public_ip_address": true,
            "availability_zone": "ap-northeast-2a",
            "capacity_reservation_specification": [
              {
                "capacity_reservation_preference": "open",
                "capacity_reservation_target": []
              }
            ],
            "cpu_core_count": 1,
            "cpu_threads_per_core": 1,
            "credit_specification": [
              {
                "cpu_credits": "standard"
              }
            ],
            "disable_api_termination": false,
            "ebs_block_device": [],
            "ebs_optimized": false,
            "enclave_options": [
              {
                "enabled": false
              }
            ],
            "ephemeral_block_device": [],
            "get_password_data": false,
            "hibernation": false,
            "host_id": null,
            "iam_instance_profile": "",
            "id": "i-06a51621571268bb7",
            "instance_initiated_shutdown_behavior": "stop",
            "instance_state": "running",
            "instance_type": "t2.micro",
            "ipv6_address_count": 0,
            "ipv6_addresses": [],
            "key_name": "JmServer",
            "launch_template": [],
            "metadata_options": [
              {
                "http_endpoint": "enabled",
                "http_put_response_hop_limit": 1,
                "http_tokens": "optional",
                "instance_metadata_tags": "disabled"
              }
            ],
            "monitoring": false,
            "network_interface": [],
            "outpost_arn": "",
            "password_data": "",
            "placement_group": "",
            "placement_partition_number": null,
            "primary_network_interface_id": "eni-0fb621aae3c73494a",
            "private_dns": "ip-10-222-0-249.ap-northeast-2.compute.internal",
            "private_ip": "10.222.0.249",
            "public_dns": "ec2-13-125-60-60.ap-northeast-2.compute.amazonaws.com",
            "public_ip": "13.125.60.60",
            "root_block_device": [
              {
                "delete_on_termination": true,
                "device_name": "/dev/sda1",
                "encrypted": false,
                "iops": 100,
                "kms_key_id": "",
                "tags": {},
                "throughput": 0,
                "volume_id": "vol-0f123e09aaef729e1",
                "volume_size": 8,
                "volume_type": "gp2"
              }
            ],
            "secondary_private_ips": [],
            "security_groups": [],
            "source_dest_check": true,
            "subnet_id": "subnet-09be1e05f783431f9",
            "tags": {
              "Name": "apne2-fastcampus-ubuntu",
              "Project": "fastcampus-ansible"
            },
            "tags_all": {
              "Name": "apne2-fastcampus-ubuntu",
              "Project": "fastcampus-ansible"
            },
            "tenancy": "default",
            "timeouts": null,
            "user_data": null,
            "user_data_base64": null,
            "volume_tags": null,
            "vpc_security_group_ids": [
              "sg-0a1251112261f339f"
            ]
          },
          "sensitive_attributes": [],
          "private": "eyJlMmJmYjczMC1lY2FhLTExZTYtOGY4OC0zNDM2M2JjN2M0YzAiOnsiY3JlYXRlIjo2MDAwMDAwMDAwMDAsImRlbGV0ZSI6MTIwMDAwMDAwMDAwMCwidXBkYXRlIjo2MDAwMDAwMDAwMDB9LCJzY2hlbWFfdmVyc2lvbiI6IjEifQ==",
          "dependencies": [
            "data.aws_ami.ubuntu",
            "data.terraform_remote_state.this",
            "module.sg__ssh.aws_security_group.this"
          ]
        }
      ]
    },
    {
      "module": "module.sg__ssh",
      "mode": "managed",
      "type": "aws_resourcegroups_group",
      "name": "this",
      "provider": "provider[\"registry.terraform.io/hashicorp/aws\"]",
      "instances": [
        {
          "index_key": 0,
          "schema_version": 0,
          "attributes": {
            "arn": "arn:aws:resource-groups:ap-northeast-2:599801461124:group/terraform-aws-network.security-group.apne2-fastcampus-ssh",
            "description": "Managed by Terraform.",
            "id": "terraform-aws-network.security-group.apne2-fastcampus-ssh",
            "name": "terraform-aws-network.security-group.apne2-fastcampus-ssh",
            "resource_query": [
              {
                "query": "{\n  \"ResourceTypeFilters\": [\n    \"AWS::AllSupported\"\n  ],\n  \"TagFilters\": [{\"Key\":\"module.terraform.io/full-name\",\"Values\":[\"terraform-aws-network/security-group\"]},{\"Key\":\"module.terraform.io/instance\",\"Values\":[\"apne2-fastcampus-ssh\"]},{\"Key\":\"module.terraform.io/name\",\"Values\":[\"security-group\"]},{\"Key\":\"module.terraform.io/package\",\"Values\":[\"terraform-aws-network\"]},{\"Key\":\"module.terraform.io/version\",\"Values\":[\"0.24.0\"]}]\n}\n",
                "type": "TAG_FILTERS_1_0"
              }
            ],
            "tags": {
              "Name": "terraform-aws-network.security-group.apne2-fastcampus-ssh",
              "Project": "fastcampus-ansible",
              "module.terraform.io/full-name": "terraform-aws-network/security-group",
              "module.terraform.io/instance": "apne2-fastcampus-ssh",
              "module.terraform.io/name": "security-group",
              "module.terraform.io/package": "terraform-aws-network",
              "module.terraform.io/version": "0.24.0"
            },
            "tags_all": {
              "Name": "terraform-aws-network.security-group.apne2-fastcampus-ssh",
              "Project": "fastcampus-ansible",
              "module.terraform.io/full-name": "terraform-aws-network/security-group",
              "module.terraform.io/instance": "apne2-fastcampus-ssh",
              "module.terraform.io/name": "security-group",
              "module.terraform.io/package": "terraform-aws-network",
              "module.terraform.io/version": "0.24.0"
            }
          },
          "sensitive_attributes": [],
          "private": "bnVsbA==",
          "dependencies": [
            "data.terraform_remote_state.this"
          ]
        }
      ]
    },
    {
      "module": "module.sg__ssh",
      "mode": "managed",
      "type": "aws_security_group",
      "name": "this",
      "provider": "provider[\"registry.terraform.io/hashicorp/aws\"]",
      "instances": [
        {
          "schema_version": 1,
          "attributes": {
            "arn": "arn:aws:ec2:ap-northeast-2:599801461124:security-group/sg-0a1251112261f339f",
            "description": "Security Group for SSH.",
            "egress": [],
            "id": "sg-0a1251112261f339f",
            "ingress": [],
            "name": "apne2-fastcampus-ssh",
            "name_prefix": "",
            "owner_id": "599801461124",
            "revoke_rules_on_delete": false,
            "tags": {
              "Name": "apne2-fastcampus-ssh",
              "Project": "fastcampus-ansible",
              "module.terraform.io/full-name": "terraform-aws-network/security-group",
              "module.terraform.io/instance": "apne2-fastcampus-ssh",
              "module.terraform.io/name": "security-group",
              "module.terraform.io/package": "terraform-aws-network",
              "module.terraform.io/version": "0.24.0"
            },
            "tags_all": {
              "Name": "apne2-fastcampus-ssh",
              "Project": "fastcampus-ansible",
              "module.terraform.io/full-name": "terraform-aws-network/security-group",
              "module.terraform.io/instance": "apne2-fastcampus-ssh",
              "module.terraform.io/name": "security-group",
              "module.terraform.io/package": "terraform-aws-network",
              "module.terraform.io/version": "0.24.0"
            },
            "timeouts": null,
            "vpc_id": "vpc-04b8bdc86a44a5889"
          },
          "sensitive_attributes": [],
          "private": "eyJlMmJmYjczMC1lY2FhLTExZTYtOGY4OC0zNDM2M2JjN2M0YzAiOnsiY3JlYXRlIjo2MDAwMDAwMDAwMDAsImRlbGV0ZSI6OTAwMDAwMDAwMDAwfSwic2NoZW1hX3ZlcnNpb24iOiIxIn0=",
          "dependencies": [
            "data.terraform_remote_state.this"
          ]
        }
      ]
    },
    {
      "module": "module.sg__ssh",
      "mode": "managed",
      "type": "aws_security_group_rule",
      "name": "egress",
      "provider": "provider[\"registry.terraform.io/hashicorp/aws\"]",
      "instances": [
        {
          "index_key": "all/all",
          "schema_version": 2,
          "attributes": {
            "cidr_blocks": [
              "0.0.0.0/0"
            ],
            "description": "Allow to communicate to the Internet.",
            "from_port": 0,
            "id": "sgrule-274414337",
            "ipv6_cidr_blocks": null,
            "prefix_list_ids": null,
            "protocol": "-1",
            "security_group_id": "sg-0a1251112261f339f",
            "self": false,
            "source_security_group_id": null,
            "to_port": 0,
            "type": "egress"
          },
          "sensitive_attributes": [],
          "private": "eyJzY2hlbWFfdmVyc2lvbiI6IjIifQ==",
          "dependencies": [
            "data.terraform_remote_state.this",
            "module.sg__ssh.aws_security_group.this"
          ]
        }
      ]
    },
    {
      "module": "module.sg__ssh",
      "mode": "managed",
      "type": "aws_security_group_rule",
      "name": "ingress",
      "provider": "provider[\"registry.terraform.io/hashicorp/aws\"]",
      "instances": [
        {
          "index_key": "http",
          "schema_version": 2,
          "attributes": {
            "cidr_blocks": [
              "0.0.0.0/0"
            ],
            "description": "Allow SSH from anywhere.",
            "from_port": 80,
            "id": "sgrule-2611272379",
            "ipv6_cidr_blocks": null,
            "prefix_list_ids": null,
            "protocol": "tcp",
            "security_group_id": "sg-0a1251112261f339f",
            "self": false,
            "source_security_group_id": null,
            "to_port": 80,
            "type": "ingress"
          },
          "sensitive_attributes": [],
          "private": "eyJzY2hlbWFfdmVyc2lvbiI6IjIifQ==",
          "dependencies": [
            "data.terraform_remote_state.this",
            "module.sg__ssh.aws_security_group.this"
          ]
        },
        {
          "index_key": "ssh",
          "schema_version": 2,
          "attributes": {
            "cidr_blocks": [
              "0.0.0.0/0"
            ],
            "description": "Allow SSH from anywhere.",
            "from_port": 22,
            "id": "sgrule-758023950",
            "ipv6_cidr_blocks": null,
            "prefix_list_ids": null,
            "protocol": "tcp",
            "security_group_id": "sg-0a1251112261f339f",
            "self": false,
            "source_security_group_id": null,
            "to_port": 22,
            "type": "ingress"
          },
          "sensitive_attributes": [],
          "private": "eyJzY2hlbWFfdmVyc2lvbiI6IjIifQ==",
          "dependencies": [
            "data.terraform_remote_state.this",
            "module.sg__ssh.aws_security_group.this"
          ]
        }
      ]
    }
  ]
}
